
Microsoft Visual Studio Solution File, Format Version 12.00
# Visual Studio Version 17
VisualStudioVersion = 17.4.33205.214
MinimumVisualStudioVersion = 10.0.40219.1
Project("{FAE04EC0-301F-11D3-BF4B-00C04F79EFBC}") = "Kitchen Shop App", "Kitchen Shop App\Kitchen Shop App.csproj", "{E87C6A88-FA94-4BD9-B607-173769DC2D67}"
EndProject
Global
	GlobalSection(SolutionConfigurationPlatforms) = preSolution
		Debug|Any CPU = Debug|Any CPU
		Release|Any CPU = Release|Any CPU
	EndGlobalSection
	GlobalSection(ProjectConfigurationPlatforms) = postSolution
		{E87C6A88-FA94-4BD9-B607-173769DC2D67}.Debug|Any CPU.ActiveCfg = Debug|Any CPU
		{E87C6A88-FA94-4BD9-B607-173769DC2D67}.Debug|Any CPU.Build.0 = Debug|Any CPU
		{E87C6A88-FA94-4BD9-B607-173769DC2D67}.Release|Any CPU.ActiveCfg = Release|Any CPU
		{E87C6A88-FA94-4BD9-B607-173769DC2D67}.Release|Any CPU.Build.0 = Release|Any CPU
	EndGlobalSection
	GlobalSection(SolutionProperties) = preSolution
		HideSolutionNode = FALSE
	EndGlobalSection
	GlobalSection(ExtensibilityGlobals) = postSolution
		SolutionGuid = {6A636375-F0C1-4316-B18A-DBA885DFCF46}
	EndGlobalSection
EndGlobal
